
Microsoft Visual Studio Solution File, Format Version 12.00
# Visual Studio Version 16
VisualStudioVersion = 16.0.31112.23
MinimumVisualStudioVersion = 10.0.40219.1
Project("{2150E333-8FDC-42A3-9474-1A3956D46DE8}") = "Chapter02", "Chapter02", "{AAE049D0-A5AE-4380-86FD-4F01AC125C24}"
EndProject
Project("{FAE04EC0-301F-11D3-BF4B-00C04F79EFBC}") = "DistanceConverter", "DistanceConverter\DistanceConverter.csproj", "{B65DAADA-6236-4C94-B330-69EE516BE9BF}"
EndProject
Project("{FAE04EC0-301F-11D3-BF4B-00C04F79EFBC}") = "SalesCalculator", "SalesCalculator\SalesCalculator.csproj", "{975DC8F2-7956-4B9E-90BC-BA3B604BE6D6}"
EndProject
Project("{FAE04EC0-301F-11D3-BF4B-00C04F79EFBC}") = "Exercise1", "Exercise1\Exercise1.csproj", "{989B4404-1562-4BD0-B4BC-8E9A6EE7229A}"
EndProject
Project("{2150E333-8FDC-42A3-9474-1A3956D46DE8}") = "Exercise", "Exercise", "{E14113B2-15D1-4BE8-AB94-C82FB8857AA4}"
EndProject
Project("{9A19103F-16F7-4668-BE54-9A1E7A4F7556}") = "Exercise2", "Exercise2\Exercise2.csproj", "{FCE6E50B-5E2D-4C09-A64F-3961422972AD}"
EndProject
Project("{FAE04EC0-301F-11D3-BF4B-00C04F79EFBC}") = "Exercise3", "Exercise3\Exercise3.csproj", "{01530E1D-4B26-40FE-A2A6-38734FCA7A59}"
EndProject
Project("{2150E333-8FDC-42A3-9474-1A3956D46DE8}") = "Chapter03", "Chapter03", "{9E049818-2FEB-4F27-8D77-7EAADD077AD6}"
EndProject
Project("{FAE04EC0-301F-11D3-BF4B-00C04F79EFBC}") = "Section01", "Section01\Section01.csproj", "{80DF1E88-B86C-499F-ADC4-0F6B1702F7DC}"
EndProject
Project("{FAE04EC0-301F-11D3-BF4B-00C04F79EFBC}") = "Section02", "Section02\Section02.csproj", "{B3987634-EC13-46A2-BBEA-CE2C1BDD884B}"
EndProject
Project("{2150E333-8FDC-42A3-9474-1A3956D46DE8}") = "Chapter04", "Chapter04", "{79C1C1FB-949D-4216-8335-88CDEFB7B278}"
EndProject
Project("{FAE04EC0-301F-11D3-BF4B-00C04F79EFBC}") = "Section01", "..\Section01\Section01.csproj", "{CD456602-E072-45F5-A1C4-774ECA5579D1}"
EndProject
Project("{FAE04EC0-301F-11D3-BF4B-00C04F79EFBC}") = "Exercise1", "Chapter04\Exercise\Exercise1\Exercise1.csproj", "{B28C747F-EEE3-403D-9D78-43C54B5A58A6}"
EndProject
Project("{2150E333-8FDC-42A3-9474-1A3956D46DE8}") = "Exercise", "Exercise", "{74944116-D3CD-4CAC-993C-9343335D5D64}"
EndProject
Project("{FAE04EC0-301F-11D3-BF4B-00C04F79EFBC}") = "Exercise02", "Exercise02\Exercise02.csproj", "{322609A7-F960-439E-875B-E40A6AC06338}"
EndProject
Project("{FAE04EC0-301F-11D3-BF4B-00C04F79EFBC}") = "Exercise1", "Chapter05\Exercise1\Exercise1.csproj", "{FF5E532F-F9EA-4F57-AEED-55BD7301702F}"
EndProject
Project("{2150E333-8FDC-42A3-9474-1A3956D46DE8}") = "Chapter05", "Chapter05", "{5BFB2A3F-B779-41DF-817D-575C650732B7}"
EndProject
Project("{FAE04EC0-301F-11D3-BF4B-00C04F79EFBC}") = "Test01", "TestProject\Test01\Test01.csproj", "{2BFACDC3-F44D-4199-8498-F5C3C4AC0335}"
EndProject
Project("{FAE04EC0-301F-11D3-BF4B-00C04F79EFBC}") = "Test02", "TestProject\Test02\Test02.csproj", "{E461C0A8-8900-485C-B520-E929BA33F712}"
EndProject
Project("{2150E333-8FDC-42A3-9474-1A3956D46DE8}") = "Test", "Test", "{1EDB20F2-24E2-4653-AA1D-8C30F5D31F5B}"
EndProject
Global
	GlobalSection(SolutionConfigurationPlatforms) = preSolution
		Debug|Any CPU = Debug|Any CPU
		Release|Any CPU = Release|Any CPU
	EndGlobalSection
	GlobalSection(ProjectConfigurationPlatforms) = postSolution
		{B65DAADA-6236-4C94-B330-69EE516BE9BF}.Debug|Any CPU.ActiveCfg = Debug|Any CPU
		{B65DAADA-6236-4C94-B330-69EE516BE9BF}.Debug|Any CPU.Build.0 = Debug|Any CPU
		{B65DAADA-6236-4C94-B330-69EE516BE9BF}.Release|Any CPU.ActiveCfg = Release|Any CPU
		{B65DAADA-6236-4C94-B330-69EE516BE9BF}.Release|Any CPU.Build.0 = Release|Any CPU
		{975DC8F2-7956-4B9E-90BC-BA3B604BE6D6}.Debug|Any CPU.ActiveCfg = Debug|Any CPU
		{975DC8F2-7956-4B9E-90BC-BA3B604BE6D6}.Debug|Any CPU.Build.0 = Debug|Any CPU
		{975DC8F2-7956-4B9E-90BC-BA3B604BE6D6}.Release|Any CPU.ActiveCfg = Release|Any CPU
		{975DC8F2-7956-4B9E-90BC-BA3B604BE6D6}.Release|Any CPU.Build.0 = Release|Any CPU
		{989B4404-1562-4BD0-B4BC-8E9A6EE7229A}.Debug|Any CPU.ActiveCfg = Debug|Any CPU
		{989B4404-1562-4BD0-B4BC-8E9A6EE7229A}.Debug|Any CPU.Build.0 = Debug|Any CPU
		{989B4404-1562-4BD0-B4BC-8E9A6EE7229A}.Release|Any CPU.ActiveCfg = Release|Any CPU
		{989B4404-1562-4BD0-B4BC-8E9A6EE7229A}.Release|Any CPU.Build.0 = Release|Any CPU
		{FCE6E50B-5E2D-4C09-A64F-3961422972AD}.Debug|Any CPU.ActiveCfg = Debug|Any CPU
		{FCE6E50B-5E2D-4C09-A64F-3961422972AD}.Debug|Any CPU.Build.0 = Debug|Any CPU
		{FCE6E50B-5E2D-4C09-A64F-3961422972AD}.Release|Any CPU.ActiveCfg = Release|Any CPU
		{FCE6E50B-5E2D-4C09-A64F-3961422972AD}.Release|Any CPU.Build.0 = Release|Any CPU
		{01530E1D-4B26-40FE-A2A6-38734FCA7A59}.Debug|Any CPU.ActiveCfg = Debug|Any CPU
		{01530E1D-4B26-40FE-A2A6-38734FCA7A59}.Debug|Any CPU.Build.0 = Debug|Any CPU
		{01530E1D-4B26-40FE-A2A6-38734FCA7A59}.Release|Any CPU.ActiveCfg = Release|Any CPU
		{01530E1D-4B26-40FE-A2A6-38734FCA7A59}.Release|Any CPU.Build.0 = Release|Any CPU
		{80DF1E88-B86C-499F-ADC4-0F6B1702F7DC}.Debug|Any CPU.ActiveCfg = Debug|Any CPU
		{80DF1E88-B86C-499F-ADC4-0F6B1702F7DC}.Debug|Any CPU.Build.0 = Debug|Any CPU
		{80DF1E88-B86C-499F-ADC4-0F6B1702F7DC}.Release|Any CPU.ActiveCfg = Release|Any CPU
		{80DF1E88-B86C-499F-ADC4-0F6B1702F7DC}.Release|Any CPU.Build.0 = Release|Any CPU
		{B3987634-EC13-46A2-BBEA-CE2C1BDD884B}.Debug|Any CPU.ActiveCfg = Debug|Any CPU
		{B3987634-EC13-46A2-BBEA-CE2C1BDD884B}.Debug|Any CPU.Build.0 = Debug|Any CPU
		{B3987634-EC13-46A2-BBEA-CE2C1BDD884B}.Release|Any CPU.ActiveCfg = Release|Any CPU
		{B3987634-EC13-46A2-BBEA-CE2C1BDD884B}.Release|Any CPU.Build.0 = Release|Any CPU
		{CD456602-E072-45F5-A1C4-774ECA5579D1}.Debug|Any CPU.ActiveCfg = Debug|Any CPU
		{CD456602-E072-45F5-A1C4-774ECA5579D1}.Debug|Any CPU.Build.0 = Debug|Any CPU
		{CD456602-E072-45F5-A1C4-774ECA5579D1}.Release|Any CPU.ActiveCfg = Release|Any CPU
		{CD456602-E072-45F5-A1C4-774ECA5579D1}.Release|Any CPU.Build.0 = Release|Any CPU
		{B28C747F-EEE3-403D-9D78-43C54B5A58A6}.Debug|Any CPU.ActiveCfg = Debug|Any CPU
		{B28C747F-EEE3-403D-9D78-43C54B5A58A6}.Debug|Any CPU.Build.0 = Debug|Any CPU
		{B28C747F-EEE3-403D-9D78-43C54B5A58A6}.Release|Any CPU.ActiveCfg = Release|Any CPU
		{B28C747F-EEE3-403D-9D78-43C54B5A58A6}.Release|Any CPU.Build.0 = Release|Any CPU
		{322609A7-F960-439E-875B-E40A6AC06338}.Debug|Any CPU.ActiveCfg = Debug|Any CPU
		{322609A7-F960-439E-875B-E40A6AC06338}.Debug|Any CPU.Build.0 = Debug|Any CPU
		{322609A7-F960-439E-875B-E40A6AC06338}.Release|Any CPU.ActiveCfg = Release|Any CPU
		{322609A7-F960-439E-875B-E40A6AC06338}.Release|Any CPU.Build.0 = Release|Any CPU
		{FF5E532F-F9EA-4F57-AEED-55BD7301702F}.Debug|Any CPU.ActiveCfg = Debug|Any CPU
		{FF5E532F-F9EA-4F57-AEED-55BD7301702F}.Debug|Any CPU.Build.0 = Debug|Any CPU
		{FF5E532F-F9EA-4F57-AEED-55BD7301702F}.Release|Any CPU.ActiveCfg = Release|Any CPU
		{FF5E532F-F9EA-4F57-AEED-55BD7301702F}.Release|Any CPU.Build.0 = Release|Any CPU
		{2BFACDC3-F44D-4199-8498-F5C3C4AC0335}.Debug|Any CPU.ActiveCfg = Debug|Any CPU
		{2BFACDC3-F44D-4199-8498-F5C3C4AC0335}.Debug|Any CPU.Build.0 = Debug|Any CPU
		{2BFACDC3-F44D-4199-8498-F5C3C4AC0335}.Release|Any CPU.ActiveCfg = Release|Any CPU
		{2BFACDC3-F44D-4199-8498-F5C3C4AC0335}.Release|Any CPU.Build.0 = Release|Any CPU
		{E461C0A8-8900-485C-B520-E929BA33F712}.Debug|Any CPU.ActiveCfg = Debug|Any CPU
		{E461C0A8-8900-485C-B520-E929BA33F712}.Debug|Any CPU.Build.0 = Debug|Any CPU
		{E461C0A8-8900-485C-B520-E929BA33F712}.Release|Any CPU.ActiveCfg = Release|Any CPU
		{E461C0A8-8900-485C-B520-E929BA33F712}.Release|Any CPU.Build.0 = Release|Any CPU
	EndGlobalSection
	GlobalSection(SolutionProperties) = preSolution
		HideSolutionNode = FALSE
	EndGlobalSection
	GlobalSection(NestedProjects) = preSolution
		{B65DAADA-6236-4C94-B330-69EE516BE9BF} = {AAE049D0-A5AE-4380-86FD-4F01AC125C24}
		{975DC8F2-7956-4B9E-90BC-BA3B604BE6D6} = {AAE049D0-A5AE-4380-86FD-4F01AC125C24}
		{989B4404-1562-4BD0-B4BC-8E9A6EE7229A} = {E14113B2-15D1-4BE8-AB94-C82FB8857AA4}
		{E14113B2-15D1-4BE8-AB94-C82FB8857AA4} = {AAE049D0-A5AE-4380-86FD-4F01AC125C24}
		{FCE6E50B-5E2D-4C09-A64F-3961422972AD} = {E14113B2-15D1-4BE8-AB94-C82FB8857AA4}
		{01530E1D-4B26-40FE-A2A6-38734FCA7A59} = {E14113B2-15D1-4BE8-AB94-C82FB8857AA4}
		{80DF1E88-B86C-499F-ADC4-0F6B1702F7DC} = {9E049818-2FEB-4F27-8D77-7EAADD077AD6}
		{B3987634-EC13-46A2-BBEA-CE2C1BDD884B} = {9E049818-2FEB-4F27-8D77-7EAADD077AD6}
		{CD456602-E072-45F5-A1C4-774ECA5579D1} = {79C1C1FB-949D-4216-8335-88CDEFB7B278}
		{B28C747F-EEE3-403D-9D78-43C54B5A58A6} = {74944116-D3CD-4CAC-993C-9343335D5D64}
		{74944116-D3CD-4CAC-993C-9343335D5D64} = {79C1C1FB-949D-4216-8335-88CDEFB7B278}
		{322609A7-F960-439E-875B-E40A6AC06338} = {74944116-D3CD-4CAC-993C-9343335D5D64}
		{FF5E532F-F9EA-4F57-AEED-55BD7301702F} = {5BFB2A3F-B779-41DF-817D-575C650732B7}
		{2BFACDC3-F44D-4199-8498-F5C3C4AC0335} = {1EDB20F2-24E2-4653-AA1D-8C30F5D31F5B}
		{E461C0A8-8900-485C-B520-E929BA33F712} = {1EDB20F2-24E2-4653-AA1D-8C30F5D31F5B}
	EndGlobalSection
	GlobalSection(ExtensibilityGlobals) = postSolution
		SolutionGuid = {088477D0-E97D-4466-9728-7664CF75A50F}
	EndGlobalSection
EndGlobal
