
Microsoft Visual Studio Solution File, Format Version 12.00
# Visual Studio Version 16
VisualStudioVersion = 16.0.31112.23
MinimumVisualStudioVersion = 10.0.40219.1
Project("{2150E333-8FDC-42A3-9474-1A3956D46DE8}") = "Chapter02", "Chapter02", "{AAE049D0-A5AE-4380-86FD-4F01AC125C24}"
EndProject
Project("{FAE04EC0-301F-11D3-BF4B-00C04F79EFBC}") = "DistanceConverter", "DistanceConverter\DistanceConverter.csproj", "{B65DAADA-6236-4C94-B330-69EE516BE9BF}"
EndProject
Project("{FAE04EC0-301F-11D3-BF4B-00C04F79EFBC}") = "SalesCalculator", "SalesCalculator\SalesCalculator.csproj", "{975DC8F2-7956-4B9E-90BC-BA3B604BE6D6}"
EndProject
Project("{FAE04EC0-301F-11D3-BF4B-00C04F79EFBC}") = "Exercise1", "Exercise1\Exercise1.csproj", "{989B4404-1562-4BD0-B4BC-8E9A6EE7229A}"
EndProject
Project("{2150E333-8FDC-42A3-9474-1A3956D46DE8}") = "Exercise", "Exercise", "{E14113B2-15D1-4BE8-AB94-C82FB8857AA4}"
EndProject
Project("{9A19103F-16F7-4668-BE54-9A1E7A4F7556}") = "Exercise2", "Exercise2\Exercise2.csproj", "{FCE6E50B-5E2D-4C09-A64F-3961422972AD}"
EndProject
Project("{FAE04EC0-301F-11D3-BF4B-00C04F79EFBC}") = "Exercise3", "Exercise3\Exercise3.csproj", "{01530E1D-4B26-40FE-A2A6-38734FCA7A59}"
EndProject
Project("{2150E333-8FDC-42A3-9474-1A3956D46DE8}") = "Chapter03", "Chapter03", "{9E049818-2FEB-4F27-8D77-7EAADD077AD6}"
EndProject
Project("{FAE04EC0-301F-11D3-BF4B-00C04F79EFBC}") = "Section01", "Section01\Section01.csproj", "{80DF1E88-B86C-499F-ADC4-0F6B1702F7DC}"
EndProject
Project("{FAE04EC0-301F-11D3-BF4B-00C04F79EFBC}") = "Section02", "Section02\Section02.csproj", "{B3987634-EC13-46A2-BBEA-CE2C1BDD884B}"
EndProject
Project("{2150E333-8FDC-42A3-9474-1A3956D46DE8}") = "Chapter04", "Chapter04", "{79C1C1FB-949D-4216-8335-88CDEFB7B278}"
EndProject
Project("{FAE04EC0-301F-11D3-BF4B-00C04F79EFBC}") = "Section01", "..\Section01\Section01.csproj", "{CD456602-E072-45F5-A1C4-774ECA5579D1}"
EndProject
Project("{FAE04EC0-301F-11D3-BF4B-00C04F79EFBC}") = "Exercise1", "Chapter04\Exercise\Exercise1\Exercise1.csproj", "{B28C747F-EEE3-403D-9D78-43C54B5A58A6}"
EndProject
Project("{2150E333-8FDC-42A3-9474-1A3956D46DE8}") = "Exercise", "Exercise", "{74944116-D3CD-4CAC-993C-9343335D5D64}"
EndProject
Project("{FAE04EC0-301F-11D3-BF4B-00C04F79EFBC}") = "Exercise02", "Exercise02\Exercise02.csproj", "{322609A7-F960-439E-875B-E40A6AC06338}"
EndProject
Project("{FAE04EC0-301F-11D3-BF4B-00C04F79EFBC}") = "Exercise1", "Chapter05\Exercise1\Exercise1.csproj", "{FF5E532F-F9EA-4F57-AEED-55BD7301702F}"
EndProject
Project("{2150E333-8FDC-42A3-9474-1A3956D46DE8}") = "Chapter05", "Chapter05", "{5BFB2A3F-B779-41DF-817D-575C650732B7}"
EndProject
Project("{FAE04EC0-301F-11D3-BF4B-00C04F79EFBC}") = "Test01", "TestProject\Test01\Test01.csproj", "{2BFACDC3-F44D-4199-8498-F5C3C4AC0335}"
EndProject
Project("{FAE04EC0-301F-11D3-BF4B-00C04F79EFBC}") = "Test02", "TestProject\Test02\Test02.csproj", "{E461C0A8-8900-485C-B520-E929BA33F712}"
EndProject
Project("{2150E333-8FDC-42A3-9474-1A3956D46DE8}") = "Test", "Test", "{1EDB20F2-24E2-4653-AA1D-8C30F5D31F5B}"
	ProjectSection(SolutionItems) = preProject
		\\172.16.42.1\学生共有\#infosys2021\２期目\Chapter07\Section03\Abbreviations.cs = \\172.16.42.1\学生共有\#infosys2021\２期目\Chapter07\Section03\Abbreviations.cs
	EndProjectSection
EndProject
Project("{FAE04EC0-301F-11D3-BF4B-00C04F79EFBC}") = "Exercise2", "Chapter05\Exercise2\Exercise2.csproj", "{88C93CE8-E158-4B35-BE91-4E84BD3E3B61}"
EndProject
Project("{FAE04EC0-301F-11D3-BF4B-00C04F79EFBC}") = "Exercise3", "Chapter05\Exercise3\Exercise3.csproj", "{F74E6DB0-D88E-49C6-8D05-EE828182CA3F}"
EndProject
Project("{FAE04EC0-301F-11D3-BF4B-00C04F79EFBC}") = "Section01", "Chapter06\Section01\Section01.csproj", "{F6585BA0-A272-44C1-A122-F5A80D1792D3}"
EndProject
Project("{FAE04EC0-301F-11D3-BF4B-00C04F79EFBC}") = "Exercise1", "Chapter06\Exercize\Exercise1\Exercise1.csproj", "{7FEAF4A6-702E-4911-A06E-5A901F96C2B3}"
EndProject
Project("{FAE04EC0-301F-11D3-BF4B-00C04F79EFBC}") = "Exercise2", "Chapter06\Exercise2\Exercise2.csproj", "{DDE60CAC-5559-4C39-ADB0-42803E26337A}"
EndProject
Project("{2150E333-8FDC-42A3-9474-1A3956D46DE8}") = "Chapter06", "Chapter06", "{9958795E-152A-422E-ABA0-8B6A9669A5F2}"
EndProject
Project("{2150E333-8FDC-42A3-9474-1A3956D46DE8}") = "Chapter07", "Chapter07", "{6363E6C4-8FB8-4E7D-B223-063FCD1D74D0}"
EndProject
Project("{FAE04EC0-301F-11D3-BF4B-00C04F79EFBC}") = "Section01", "Chapter07\Section01\Section01.csproj", "{09DF3DE9-AF2C-4C24-B111-536EFACF5581}"
EndProject
Project("{FAE04EC0-301F-11D3-BF4B-00C04F79EFBC}") = "Section03", "Chapter07\Section03\Section03.csproj", "{E3EBA67B-AEE7-48AB-975D-AB15D2475B21}"
EndProject
Project("{2150E333-8FDC-42A3-9474-1A3956D46DE8}") = "Chapter08", "Chapter08", "{5D81790C-584C-400C-A026-EEAFA2E27C8F}"
EndProject
Project("{FAE04EC0-301F-11D3-BF4B-00C04F79EFBC}") = "Exercise1", "Chapter08\Exercise1\Exercise1.csproj", "{19F02ACC-A3C5-47F1-BB52-C255CDFC0867}"
EndProject
Project("{FAE04EC0-301F-11D3-BF4B-00C04F79EFBC}") = "Exercise1", "Chapter08\Exercise\Exercise1\Exercise1.csproj", "{6C5330C2-130D-4725-8A20-D8A656911883}"
EndProject
Project("{2150E333-8FDC-42A3-9474-1A3956D46DE8}") = "Exercise", "Exercise", "{47273694-9AC3-4584-A1E2-3CE60F2BA4B4}"
EndProject
Project("{FAE04EC0-301F-11D3-BF4B-00C04F79EFBC}") = "StopWatch", "Chapter08\Exercise\StopWatch\StopWatch.csproj", "{24E0FC23-4ACF-4879-8050-01B109F969D2}"
EndProject
Project("{2150E333-8FDC-42A3-9474-1A3956D46DE8}") = "CarReportSystem", "CarReportSystem", "{AAEB1883-334E-4AE1-B504-87BDCBC0C033}"
EndProject
Project("{FAE04EC0-301F-11D3-BF4B-00C04F79EFBC}") = "CarReportSystem", "CarReportSystem\CarReportSystem\CarReportSystem.csproj", "{3A4FF997-6D75-408A-BCDB-7E09FD779098}"
EndProject
Project("{FAE04EC0-301F-11D3-BF4B-00C04F79EFBC}") = "Sample0823", "Sample0823\Sample0823.csproj", "{68D87443-6A4F-431E-9E1B-38699ED07786}"
EndProject
Project("{FAE04EC0-301F-11D3-BF4B-00C04F79EFBC}") = "Seccion01", "Chapter11\Seccion01\Seccion01.csproj", "{084AF93E-6605-4872-AC40-96F26517F08E}"
EndProject
Project("{2150E333-8FDC-42A3-9474-1A3956D46DE8}") = "Chapter11", "Chapter11", "{58668D45-D396-4816-A2CB-5A18941843CD}"
	ProjectSection(SolutionItems) = preProject
		..\..\..\Downloads\novelists.xml = ..\..\..\Downloads\novelists.xml
	EndProjectSection
EndProject
Project("{FAE04EC0-301F-11D3-BF4B-00C04F79EFBC}") = "Exercise1", "Chapter11\Exercise1\Exercise1.csproj", "{B1DEB1E5-50A2-4B73-BDA0-AA477A98D699}"
EndProject
Project("{2150E333-8FDC-42A3-9474-1A3956D46DE8}") = "Chapter14", "Chapter14", "{F9D00228-1277-4096-B043-168C2475CA45}"
EndProject
Project("{FAE04EC0-301F-11D3-BF4B-00C04F79EFBC}") = "Secction04", "Chapter14\ConsoleApp1\Secction04.csproj", "{94DA6579-32B9-47FB-939F-59E4C70BB56B}"
EndProject
Project("{FAE04EC0-301F-11D3-BF4B-00C04F79EFBC}") = "WeatherApp", "Chapter14\WeatherApp\WeatherApp.csproj", "{B87726E2-35B4-4964-BEB4-7DD7858CC76C}"
EndProject
Project("{2150E333-8FDC-42A3-9474-1A3956D46DE8}") = "RssReader", "RssReader", "{2D46DBC5-0721-4B77-B3A0-412EA6630517}"
EndProject
Project("{FAE04EC0-301F-11D3-BF4B-00C04F79EFBC}") = "RssReader", "RssReader\RssReader.csproj", "{38FD423D-32E7-45EE-8A40-6E4F136FFC0B}"
EndProject
Global
	GlobalSection(SolutionConfigurationPlatforms) = preSolution
		Debug|Any CPU = Debug|Any CPU
		Release|Any CPU = Release|Any CPU
	EndGlobalSection
	GlobalSection(ProjectConfigurationPlatforms) = postSolution
		{B65DAADA-6236-4C94-B330-69EE516BE9BF}.Debug|Any CPU.ActiveCfg = Debug|Any CPU
		{B65DAADA-6236-4C94-B330-69EE516BE9BF}.Debug|Any CPU.Build.0 = Debug|Any CPU
		{B65DAADA-6236-4C94-B330-69EE516BE9BF}.Release|Any CPU.ActiveCfg = Release|Any CPU
		{B65DAADA-6236-4C94-B330-69EE516BE9BF}.Release|Any CPU.Build.0 = Release|Any CPU
		{975DC8F2-7956-4B9E-90BC-BA3B604BE6D6}.Debug|Any CPU.ActiveCfg = Debug|Any CPU
		{975DC8F2-7956-4B9E-90BC-BA3B604BE6D6}.Debug|Any CPU.Build.0 = Debug|Any CPU
		{975DC8F2-7956-4B9E-90BC-BA3B604BE6D6}.Release|Any CPU.ActiveCfg = Release|Any CPU
		{975DC8F2-7956-4B9E-90BC-BA3B604BE6D6}.Release|Any CPU.Build.0 = Release|Any CPU
		{989B4404-1562-4BD0-B4BC-8E9A6EE7229A}.Debug|Any CPU.ActiveCfg = Debug|Any CPU
		{989B4404-1562-4BD0-B4BC-8E9A6EE7229A}.Debug|Any CPU.Build.0 = Debug|Any CPU
		{989B4404-1562-4BD0-B4BC-8E9A6EE7229A}.Release|Any CPU.ActiveCfg = Release|Any CPU
		{989B4404-1562-4BD0-B4BC-8E9A6EE7229A}.Release|Any CPU.Build.0 = Release|Any CPU
		{FCE6E50B-5E2D-4C09-A64F-3961422972AD}.Debug|Any CPU.ActiveCfg = Debug|Any CPU
		{FCE6E50B-5E2D-4C09-A64F-3961422972AD}.Debug|Any CPU.Build.0 = Debug|Any CPU
		{FCE6E50B-5E2D-4C09-A64F-3961422972AD}.Release|Any CPU.ActiveCfg = Release|Any CPU
		{FCE6E50B-5E2D-4C09-A64F-3961422972AD}.Release|Any CPU.Build.0 = Release|Any CPU
		{01530E1D-4B26-40FE-A2A6-38734FCA7A59}.Debug|Any CPU.ActiveCfg = Debug|Any CPU
		{01530E1D-4B26-40FE-A2A6-38734FCA7A59}.Debug|Any CPU.Build.0 = Debug|Any CPU
		{01530E1D-4B26-40FE-A2A6-38734FCA7A59}.Release|Any CPU.ActiveCfg = Release|Any CPU
		{01530E1D-4B26-40FE-A2A6-38734FCA7A59}.Release|Any CPU.Build.0 = Release|Any CPU
		{80DF1E88-B86C-499F-ADC4-0F6B1702F7DC}.Debug|Any CPU.ActiveCfg = Debug|Any CPU
		{80DF1E88-B86C-499F-ADC4-0F6B1702F7DC}.Debug|Any CPU.Build.0 = Debug|Any CPU
		{80DF1E88-B86C-499F-ADC4-0F6B1702F7DC}.Release|Any CPU.ActiveCfg = Release|Any CPU
		{80DF1E88-B86C-499F-ADC4-0F6B1702F7DC}.Release|Any CPU.Build.0 = Release|Any CPU
		{B3987634-EC13-46A2-BBEA-CE2C1BDD884B}.Debug|Any CPU.ActiveCfg = Debug|Any CPU
		{B3987634-EC13-46A2-BBEA-CE2C1BDD884B}.Debug|Any CPU.Build.0 = Debug|Any CPU
		{B3987634-EC13-46A2-BBEA-CE2C1BDD884B}.Release|Any CPU.ActiveCfg = Release|Any CPU
		{B3987634-EC13-46A2-BBEA-CE2C1BDD884B}.Release|Any CPU.Build.0 = Release|Any CPU
		{CD456602-E072-45F5-A1C4-774ECA5579D1}.Debug|Any CPU.ActiveCfg = Debug|Any CPU
		{CD456602-E072-45F5-A1C4-774ECA5579D1}.Debug|Any CPU.Build.0 = Debug|Any CPU
		{CD456602-E072-45F5-A1C4-774ECA5579D1}.Release|Any CPU.ActiveCfg = Release|Any CPU
		{CD456602-E072-45F5-A1C4-774ECA5579D1}.Release|Any CPU.Build.0 = Release|Any CPU
		{B28C747F-EEE3-403D-9D78-43C54B5A58A6}.Debug|Any CPU.ActiveCfg = Debug|Any CPU
		{B28C747F-EEE3-403D-9D78-43C54B5A58A6}.Debug|Any CPU.Build.0 = Debug|Any CPU
		{B28C747F-EEE3-403D-9D78-43C54B5A58A6}.Release|Any CPU.ActiveCfg = Release|Any CPU
		{B28C747F-EEE3-403D-9D78-43C54B5A58A6}.Release|Any CPU.Build.0 = Release|Any CPU
		{322609A7-F960-439E-875B-E40A6AC06338}.Debug|Any CPU.ActiveCfg = Debug|Any CPU
		{322609A7-F960-439E-875B-E40A6AC06338}.Debug|Any CPU.Build.0 = Debug|Any CPU
		{322609A7-F960-439E-875B-E40A6AC06338}.Release|Any CPU.ActiveCfg = Release|Any CPU
		{322609A7-F960-439E-875B-E40A6AC06338}.Release|Any CPU.Build.0 = Release|Any CPU
		{FF5E532F-F9EA-4F57-AEED-55BD7301702F}.Debug|Any CPU.ActiveCfg = Debug|Any CPU
		{FF5E532F-F9EA-4F57-AEED-55BD7301702F}.Debug|Any CPU.Build.0 = Debug|Any CPU
		{FF5E532F-F9EA-4F57-AEED-55BD7301702F}.Release|Any CPU.ActiveCfg = Release|Any CPU
		{FF5E532F-F9EA-4F57-AEED-55BD7301702F}.Release|Any CPU.Build.0 = Release|Any CPU
		{2BFACDC3-F44D-4199-8498-F5C3C4AC0335}.Debug|Any CPU.ActiveCfg = Debug|Any CPU
		{2BFACDC3-F44D-4199-8498-F5C3C4AC0335}.Debug|Any CPU.Build.0 = Debug|Any CPU
		{2BFACDC3-F44D-4199-8498-F5C3C4AC0335}.Release|Any CPU.ActiveCfg = Release|Any CPU
		{2BFACDC3-F44D-4199-8498-F5C3C4AC0335}.Release|Any CPU.Build.0 = Release|Any CPU
		{E461C0A8-8900-485C-B520-E929BA33F712}.Debug|Any CPU.ActiveCfg = Debug|Any CPU
		{E461C0A8-8900-485C-B520-E929BA33F712}.Debug|Any CPU.Build.0 = Debug|Any CPU
		{E461C0A8-8900-485C-B520-E929BA33F712}.Release|Any CPU.ActiveCfg = Release|Any CPU
		{E461C0A8-8900-485C-B520-E929BA33F712}.Release|Any CPU.Build.0 = Release|Any CPU
		{88C93CE8-E158-4B35-BE91-4E84BD3E3B61}.Debug|Any CPU.ActiveCfg = Debug|Any CPU
		{88C93CE8-E158-4B35-BE91-4E84BD3E3B61}.Debug|Any CPU.Build.0 = Debug|Any CPU
		{88C93CE8-E158-4B35-BE91-4E84BD3E3B61}.Release|Any CPU.ActiveCfg = Release|Any CPU
		{88C93CE8-E158-4B35-BE91-4E84BD3E3B61}.Release|Any CPU.Build.0 = Release|Any CPU
		{F74E6DB0-D88E-49C6-8D05-EE828182CA3F}.Debug|Any CPU.ActiveCfg = Debug|Any CPU
		{F74E6DB0-D88E-49C6-8D05-EE828182CA3F}.Debug|Any CPU.Build.0 = Debug|Any CPU
		{F74E6DB0-D88E-49C6-8D05-EE828182CA3F}.Release|Any CPU.ActiveCfg = Release|Any CPU
		{F74E6DB0-D88E-49C6-8D05-EE828182CA3F}.Release|Any CPU.Build.0 = Release|Any CPU
		{F6585BA0-A272-44C1-A122-F5A80D1792D3}.Debug|Any CPU.ActiveCfg = Debug|Any CPU
		{F6585BA0-A272-44C1-A122-F5A80D1792D3}.Debug|Any CPU.Build.0 = Debug|Any CPU
		{F6585BA0-A272-44C1-A122-F5A80D1792D3}.Release|Any CPU.ActiveCfg = Release|Any CPU
		{F6585BA0-A272-44C1-A122-F5A80D1792D3}.Release|Any CPU.Build.0 = Release|Any CPU
		{7FEAF4A6-702E-4911-A06E-5A901F96C2B3}.Debug|Any CPU.ActiveCfg = Debug|Any CPU
		{7FEAF4A6-702E-4911-A06E-5A901F96C2B3}.Debug|Any CPU.Build.0 = Debug|Any CPU
		{7FEAF4A6-702E-4911-A06E-5A901F96C2B3}.Release|Any CPU.ActiveCfg = Release|Any CPU
		{7FEAF4A6-702E-4911-A06E-5A901F96C2B3}.Release|Any CPU.Build.0 = Release|Any CPU
		{DDE60CAC-5559-4C39-ADB0-42803E26337A}.Debug|Any CPU.ActiveCfg = Debug|Any CPU
		{DDE60CAC-5559-4C39-ADB0-42803E26337A}.Debug|Any CPU.Build.0 = Debug|Any CPU
		{DDE60CAC-5559-4C39-ADB0-42803E26337A}.Release|Any CPU.ActiveCfg = Release|Any CPU
		{DDE60CAC-5559-4C39-ADB0-42803E26337A}.Release|Any CPU.Build.0 = Release|Any CPU
		{09DF3DE9-AF2C-4C24-B111-536EFACF5581}.Debug|Any CPU.ActiveCfg = Debug|Any CPU
		{09DF3DE9-AF2C-4C24-B111-536EFACF5581}.Debug|Any CPU.Build.0 = Debug|Any CPU
		{09DF3DE9-AF2C-4C24-B111-536EFACF5581}.Release|Any CPU.ActiveCfg = Release|Any CPU
		{09DF3DE9-AF2C-4C24-B111-536EFACF5581}.Release|Any CPU.Build.0 = Release|Any CPU
		{E3EBA67B-AEE7-48AB-975D-AB15D2475B21}.Debug|Any CPU.ActiveCfg = Debug|Any CPU
		{E3EBA67B-AEE7-48AB-975D-AB15D2475B21}.Debug|Any CPU.Build.0 = Debug|Any CPU
		{E3EBA67B-AEE7-48AB-975D-AB15D2475B21}.Release|Any CPU.ActiveCfg = Release|Any CPU
		{E3EBA67B-AEE7-48AB-975D-AB15D2475B21}.Release|Any CPU.Build.0 = Release|Any CPU
		{19F02ACC-A3C5-47F1-BB52-C255CDFC0867}.Debug|Any CPU.ActiveCfg = Debug|Any CPU
		{19F02ACC-A3C5-47F1-BB52-C255CDFC0867}.Debug|Any CPU.Build.0 = Debug|Any CPU
		{19F02ACC-A3C5-47F1-BB52-C255CDFC0867}.Release|Any CPU.ActiveCfg = Release|Any CPU
		{19F02ACC-A3C5-47F1-BB52-C255CDFC0867}.Release|Any CPU.Build.0 = Release|Any CPU
		{6C5330C2-130D-4725-8A20-D8A656911883}.Debug|Any CPU.ActiveCfg = Debug|Any CPU
		{6C5330C2-130D-4725-8A20-D8A656911883}.Debug|Any CPU.Build.0 = Debug|Any CPU
		{6C5330C2-130D-4725-8A20-D8A656911883}.Release|Any CPU.ActiveCfg = Release|Any CPU
		{6C5330C2-130D-4725-8A20-D8A656911883}.Release|Any CPU.Build.0 = Release|Any CPU
		{24E0FC23-4ACF-4879-8050-01B109F969D2}.Debug|Any CPU.ActiveCfg = Debug|Any CPU
		{24E0FC23-4ACF-4879-8050-01B109F969D2}.Debug|Any CPU.Build.0 = Debug|Any CPU
		{24E0FC23-4ACF-4879-8050-01B109F969D2}.Release|Any CPU.ActiveCfg = Release|Any CPU
		{24E0FC23-4ACF-4879-8050-01B109F969D2}.Release|Any CPU.Build.0 = Release|Any CPU
		{3A4FF997-6D75-408A-BCDB-7E09FD779098}.Debug|Any CPU.ActiveCfg = Debug|Any CPU
		{3A4FF997-6D75-408A-BCDB-7E09FD779098}.Debug|Any CPU.Build.0 = Debug|Any CPU
		{3A4FF997-6D75-408A-BCDB-7E09FD779098}.Release|Any CPU.ActiveCfg = Release|Any CPU
		{3A4FF997-6D75-408A-BCDB-7E09FD779098}.Release|Any CPU.Build.0 = Release|Any CPU
		{68D87443-6A4F-431E-9E1B-38699ED07786}.Debug|Any CPU.ActiveCfg = Debug|Any CPU
		{68D87443-6A4F-431E-9E1B-38699ED07786}.Debug|Any CPU.Build.0 = Debug|Any CPU
		{68D87443-6A4F-431E-9E1B-38699ED07786}.Release|Any CPU.ActiveCfg = Release|Any CPU
		{68D87443-6A4F-431E-9E1B-38699ED07786}.Release|Any CPU.Build.0 = Release|Any CPU
		{084AF93E-6605-4872-AC40-96F26517F08E}.Debug|Any CPU.ActiveCfg = Debug|Any CPU
		{084AF93E-6605-4872-AC40-96F26517F08E}.Debug|Any CPU.Build.0 = Debug|Any CPU
		{084AF93E-6605-4872-AC40-96F26517F08E}.Release|Any CPU.ActiveCfg = Release|Any CPU
		{084AF93E-6605-4872-AC40-96F26517F08E}.Release|Any CPU.Build.0 = Release|Any CPU
		{B1DEB1E5-50A2-4B73-BDA0-AA477A98D699}.Debug|Any CPU.ActiveCfg = Debug|Any CPU
		{B1DEB1E5-50A2-4B73-BDA0-AA477A98D699}.Debug|Any CPU.Build.0 = Debug|Any CPU
		{B1DEB1E5-50A2-4B73-BDA0-AA477A98D699}.Release|Any CPU.ActiveCfg = Release|Any CPU
		{B1DEB1E5-50A2-4B73-BDA0-AA477A98D699}.Release|Any CPU.Build.0 = Release|Any CPU
		{94DA6579-32B9-47FB-939F-59E4C70BB56B}.Debug|Any CPU.ActiveCfg = Debug|Any CPU
		{94DA6579-32B9-47FB-939F-59E4C70BB56B}.Debug|Any CPU.Build.0 = Debug|Any CPU
		{94DA6579-32B9-47FB-939F-59E4C70BB56B}.Release|Any CPU.ActiveCfg = Release|Any CPU
		{94DA6579-32B9-47FB-939F-59E4C70BB56B}.Release|Any CPU.Build.0 = Release|Any CPU
		{B87726E2-35B4-4964-BEB4-7DD7858CC76C}.Debug|Any CPU.ActiveCfg = Debug|Any CPU
		{B87726E2-35B4-4964-BEB4-7DD7858CC76C}.Debug|Any CPU.Build.0 = Debug|Any CPU
		{B87726E2-35B4-4964-BEB4-7DD7858CC76C}.Release|Any CPU.ActiveCfg = Release|Any CPU
		{B87726E2-35B4-4964-BEB4-7DD7858CC76C}.Release|Any CPU.Build.0 = Release|Any CPU
		{38FD423D-32E7-45EE-8A40-6E4F136FFC0B}.Debug|Any CPU.ActiveCfg = Debug|Any CPU
		{38FD423D-32E7-45EE-8A40-6E4F136FFC0B}.Debug|Any CPU.Build.0 = Debug|Any CPU
		{38FD423D-32E7-45EE-8A40-6E4F136FFC0B}.Release|Any CPU.ActiveCfg = Release|Any CPU
		{38FD423D-32E7-45EE-8A40-6E4F136FFC0B}.Release|Any CPU.Build.0 = Release|Any CPU
	EndGlobalSection
	GlobalSection(SolutionProperties) = preSolution
		HideSolutionNode = FALSE
	EndGlobalSection
	GlobalSection(NestedProjects) = preSolution
		{B65DAADA-6236-4C94-B330-69EE516BE9BF} = {AAE049D0-A5AE-4380-86FD-4F01AC125C24}
		{975DC8F2-7956-4B9E-90BC-BA3B604BE6D6} = {AAE049D0-A5AE-4380-86FD-4F01AC125C24}
		{989B4404-1562-4BD0-B4BC-8E9A6EE7229A} = {E14113B2-15D1-4BE8-AB94-C82FB8857AA4}
		{E14113B2-15D1-4BE8-AB94-C82FB8857AA4} = {AAE049D0-A5AE-4380-86FD-4F01AC125C24}
		{FCE6E50B-5E2D-4C09-A64F-3961422972AD} = {E14113B2-15D1-4BE8-AB94-C82FB8857AA4}
		{01530E1D-4B26-40FE-A2A6-38734FCA7A59} = {E14113B2-15D1-4BE8-AB94-C82FB8857AA4}
		{80DF1E88-B86C-499F-ADC4-0F6B1702F7DC} = {9E049818-2FEB-4F27-8D77-7EAADD077AD6}
		{B3987634-EC13-46A2-BBEA-CE2C1BDD884B} = {9E049818-2FEB-4F27-8D77-7EAADD077AD6}
		{CD456602-E072-45F5-A1C4-774ECA5579D1} = {79C1C1FB-949D-4216-8335-88CDEFB7B278}
		{B28C747F-EEE3-403D-9D78-43C54B5A58A6} = {74944116-D3CD-4CAC-993C-9343335D5D64}
		{74944116-D3CD-4CAC-993C-9343335D5D64} = {79C1C1FB-949D-4216-8335-88CDEFB7B278}
		{322609A7-F960-439E-875B-E40A6AC06338} = {74944116-D3CD-4CAC-993C-9343335D5D64}
		{FF5E532F-F9EA-4F57-AEED-55BD7301702F} = {5BFB2A3F-B779-41DF-817D-575C650732B7}
		{2BFACDC3-F44D-4199-8498-F5C3C4AC0335} = {1EDB20F2-24E2-4653-AA1D-8C30F5D31F5B}
		{E461C0A8-8900-485C-B520-E929BA33F712} = {1EDB20F2-24E2-4653-AA1D-8C30F5D31F5B}
		{88C93CE8-E158-4B35-BE91-4E84BD3E3B61} = {5BFB2A3F-B779-41DF-817D-575C650732B7}
		{F74E6DB0-D88E-49C6-8D05-EE828182CA3F} = {5BFB2A3F-B779-41DF-817D-575C650732B7}
		{F6585BA0-A272-44C1-A122-F5A80D1792D3} = {9958795E-152A-422E-ABA0-8B6A9669A5F2}
		{7FEAF4A6-702E-4911-A06E-5A901F96C2B3} = {9958795E-152A-422E-ABA0-8B6A9669A5F2}
		{DDE60CAC-5559-4C39-ADB0-42803E26337A} = {9958795E-152A-422E-ABA0-8B6A9669A5F2}
		{09DF3DE9-AF2C-4C24-B111-536EFACF5581} = {6363E6C4-8FB8-4E7D-B223-063FCD1D74D0}
		{E3EBA67B-AEE7-48AB-975D-AB15D2475B21} = {6363E6C4-8FB8-4E7D-B223-063FCD1D74D0}
		{19F02ACC-A3C5-47F1-BB52-C255CDFC0867} = {5D81790C-584C-400C-A026-EEAFA2E27C8F}
		{6C5330C2-130D-4725-8A20-D8A656911883} = {47273694-9AC3-4584-A1E2-3CE60F2BA4B4}
		{47273694-9AC3-4584-A1E2-3CE60F2BA4B4} = {5D81790C-584C-400C-A026-EEAFA2E27C8F}
		{24E0FC23-4ACF-4879-8050-01B109F969D2} = {47273694-9AC3-4584-A1E2-3CE60F2BA4B4}
		{3A4FF997-6D75-408A-BCDB-7E09FD779098} = {AAEB1883-334E-4AE1-B504-87BDCBC0C033}
		{084AF93E-6605-4872-AC40-96F26517F08E} = {58668D45-D396-4816-A2CB-5A18941843CD}
		{B1DEB1E5-50A2-4B73-BDA0-AA477A98D699} = {58668D45-D396-4816-A2CB-5A18941843CD}
		{94DA6579-32B9-47FB-939F-59E4C70BB56B} = {F9D00228-1277-4096-B043-168C2475CA45}
		{B87726E2-35B4-4964-BEB4-7DD7858CC76C} = {F9D00228-1277-4096-B043-168C2475CA45}
		{38FD423D-32E7-45EE-8A40-6E4F136FFC0B} = {2D46DBC5-0721-4B77-B3A0-412EA6630517}
	EndGlobalSection
	GlobalSection(ExtensibilityGlobals) = postSolution
		SolutionGuid = {088477D0-E97D-4466-9728-7664CF75A50F}
	EndGlobalSection
EndGlobal
